# THIS IS AN AUTOGENERATED FILE. DO NOT EDIT THIS FILE DIRECTLY.
# yarn lockfile v1


lodash-inflection@^1.5.0:
  version "1.5.0"
  resolved "https://registry.yarnpkg.com/lodash-inflection/-/lodash-inflection-1.5.0.tgz#344e5a8030882d51af98e0d613bb0547c8b7ddc7"

lodash@^4.17.4:
  version "4.17.4"
  resolved "https://registry.yarnpkg.com/lodash/-/lodash-4.17.4.tgz#78203a4d1c328ae1d86dca6460e369b57f4055ae"
